
Microsoft Visual Studio Solution File, Format Version 12.00
# Visual Studio 15
VisualStudioVersion = 15.0.25802.0
MinimumVisualStudioVersion = 10.0.40219.1
Project("{FAE04EC0-301F-11D3-BF4B-00C04F79EFBC}") = "OmniXaml", "OmniXaml\OmniXaml.csproj", "{84AE3F65-B4DC-43E0-B2D0-DF0B188E8602}"
EndProject
Project("{FAE04EC0-301F-11D3-BF4B-00C04F79EFBC}") = "OmniXaml.Tests", "OmniXaml.Tests\OmniXaml.Tests.csproj", "{59F1B39B-C3BD-4504-A88C-834A5F583DB2}"
EndProject
Project("{FAE04EC0-301F-11D3-BF4B-00C04F79EFBC}") = "WpfApp", "WpfApp\WpfApp.csproj", "{7751C7BD-85FA-49FF-AA52-0DE06DD2E9DA}"
EndProject
Project("{FAE04EC0-301F-11D3-BF4B-00C04F79EFBC}") = "UniversalApp", "UniversalApp\UniversalApp.csproj", "{D504DEEB-D6F3-4FD2-B1AE-DF7A2BE7C4E9}"
EndProject
Global
	GlobalSection(SolutionConfigurationPlatforms) = preSolution
		Debug|Any CPU = Debug|Any CPU
		Debug|ARM = Debug|ARM
		Debug|x64 = Debug|x64
		Debug|x86 = Debug|x86
		Release|Any CPU = Release|Any CPU
		Release|ARM = Release|ARM
		Release|x64 = Release|x64
		Release|x86 = Release|x86
	EndGlobalSection
	GlobalSection(ProjectConfigurationPlatforms) = postSolution
		{84AE3F65-B4DC-43E0-B2D0-DF0B188E8602}.Debug|Any CPU.ActiveCfg = Debug|Any CPU
		{84AE3F65-B4DC-43E0-B2D0-DF0B188E8602}.Debug|Any CPU.Build.0 = Debug|Any CPU
		{84AE3F65-B4DC-43E0-B2D0-DF0B188E8602}.Debug|ARM.ActiveCfg = Debug|Any CPU
		{84AE3F65-B4DC-43E0-B2D0-DF0B188E8602}.Debug|ARM.Build.0 = Debug|Any CPU
		{84AE3F65-B4DC-43E0-B2D0-DF0B188E8602}.Debug|x64.ActiveCfg = Debug|Any CPU
		{84AE3F65-B4DC-43E0-B2D0-DF0B188E8602}.Debug|x64.Build.0 = Debug|Any CPU
		{84AE3F65-B4DC-43E0-B2D0-DF0B188E8602}.Debug|x86.ActiveCfg = Debug|Any CPU
		{84AE3F65-B4DC-43E0-B2D0-DF0B188E8602}.Debug|x86.Build.0 = Debug|Any CPU
		{84AE3F65-B4DC-43E0-B2D0-DF0B188E8602}.Release|Any CPU.ActiveCfg = Release|Any CPU
		{84AE3F65-B4DC-43E0-B2D0-DF0B188E8602}.Release|Any CPU.Build.0 = Release|Any CPU
		{84AE3F65-B4DC-43E0-B2D0-DF0B188E8602}.Release|ARM.ActiveCfg = Release|Any CPU
		{84AE3F65-B4DC-43E0-B2D0-DF0B188E8602}.Release|ARM.Build.0 = Release|Any CPU
		{84AE3F65-B4DC-43E0-B2D0-DF0B188E8602}.Release|x64.ActiveCfg = Release|Any CPU
		{84AE3F65-B4DC-43E0-B2D0-DF0B188E8602}.Release|x64.Build.0 = Release|Any CPU
		{84AE3F65-B4DC-43E0-B2D0-DF0B188E8602}.Release|x86.ActiveCfg = Release|Any CPU
		{84AE3F65-B4DC-43E0-B2D0-DF0B188E8602}.Release|x86.Build.0 = Release|Any CPU
		{59F1B39B-C3BD-4504-A88C-834A5F583DB2}.Debug|Any CPU.ActiveCfg = Debug|Any CPU
		{59F1B39B-C3BD-4504-A88C-834A5F583DB2}.Debug|Any CPU.Build.0 = Debug|Any CPU
		{59F1B39B-C3BD-4504-A88C-834A5F583DB2}.Debug|ARM.ActiveCfg = Debug|Any CPU
		{59F1B39B-C3BD-4504-A88C-834A5F583DB2}.Debug|ARM.Build.0 = Debug|Any CPU
		{59F1B39B-C3BD-4504-A88C-834A5F583DB2}.Debug|x64.ActiveCfg = Debug|Any CPU
		{59F1B39B-C3BD-4504-A88C-834A5F583DB2}.Debug|x64.Build.0 = Debug|Any CPU
		{59F1B39B-C3BD-4504-A88C-834A5F583DB2}.Debug|x86.ActiveCfg = Debug|Any CPU
		{59F1B39B-C3BD-4504-A88C-834A5F583DB2}.Debug|x86.Build.0 = Debug|Any CPU
		{59F1B39B-C3BD-4504-A88C-834A5F583DB2}.Release|Any CPU.ActiveCfg = Release|Any CPU
		{59F1B39B-C3BD-4504-A88C-834A5F583DB2}.Release|Any CPU.Build.0 = Release|Any CPU
		{59F1B39B-C3BD-4504-A88C-834A5F583DB2}.Release|ARM.ActiveCfg = Release|Any CPU
		{59F1B39B-C3BD-4504-A88C-834A5F583DB2}.Release|ARM.Build.0 = Release|Any CPU
		{59F1B39B-C3BD-4504-A88C-834A5F583DB2}.Release|x64.ActiveCfg = Release|Any CPU
		{59F1B39B-C3BD-4504-A88C-834A5F583DB2}.Release|x64.Build.0 = Release|Any CPU
		{59F1B39B-C3BD-4504-A88C-834A5F583DB2}.Release|x86.ActiveCfg = Release|Any CPU
		{59F1B39B-C3BD-4504-A88C-834A5F583DB2}.Release|x86.Build.0 = Release|Any CPU
		{7751C7BD-85FA-49FF-AA52-0DE06DD2E9DA}.Debug|Any CPU.ActiveCfg = Debug|Any CPU
		{7751C7BD-85FA-49FF-AA52-0DE06DD2E9DA}.Debug|Any CPU.Build.0 = Debug|Any CPU
		{7751C7BD-85FA-49FF-AA52-0DE06DD2E9DA}.Debug|ARM.ActiveCfg = Debug|Any CPU
		{7751C7BD-85FA-49FF-AA52-0DE06DD2E9DA}.Debug|ARM.Build.0 = Debug|Any CPU
		{7751C7BD-85FA-49FF-AA52-0DE06DD2E9DA}.Debug|x64.ActiveCfg = Debug|Any CPU
		{7751C7BD-85FA-49FF-AA52-0DE06DD2E9DA}.Debug|x64.Build.0 = Debug|Any CPU
		{7751C7BD-85FA-49FF-AA52-0DE06DD2E9DA}.Debug|x86.ActiveCfg = Debug|Any CPU
		{7751C7BD-85FA-49FF-AA52-0DE06DD2E9DA}.Debug|x86.Build.0 = Debug|Any CPU
		{7751C7BD-85FA-49FF-AA52-0DE06DD2E9DA}.Release|Any CPU.ActiveCfg = Release|Any CPU
		{7751C7BD-85FA-49FF-AA52-0DE06DD2E9DA}.Release|Any CPU.Build.0 = Release|Any CPU
		{7751C7BD-85FA-49FF-AA52-0DE06DD2E9DA}.Release|ARM.ActiveCfg = Release|Any CPU
		{7751C7BD-85FA-49FF-AA52-0DE06DD2E9DA}.Release|ARM.Build.0 = Release|Any CPU
		{7751C7BD-85FA-49FF-AA52-0DE06DD2E9DA}.Release|x64.ActiveCfg = Release|Any CPU
		{7751C7BD-85FA-49FF-AA52-0DE06DD2E9DA}.Release|x64.Build.0 = Release|Any CPU
		{7751C7BD-85FA-49FF-AA52-0DE06DD2E9DA}.Release|x86.ActiveCfg = Release|Any CPU
		{7751C7BD-85FA-49FF-AA52-0DE06DD2E9DA}.Release|x86.Build.0 = Release|Any CPU
		{D504DEEB-D6F3-4FD2-B1AE-DF7A2BE7C4E9}.Debug|Any CPU.ActiveCfg = Debug|x86
		{D504DEEB-D6F3-4FD2-B1AE-DF7A2BE7C4E9}.Debug|ARM.ActiveCfg = Debug|ARM
		{D504DEEB-D6F3-4FD2-B1AE-DF7A2BE7C4E9}.Debug|ARM.Build.0 = Debug|ARM
		{D504DEEB-D6F3-4FD2-B1AE-DF7A2BE7C4E9}.Debug|ARM.Deploy.0 = Debug|ARM
		{D504DEEB-D6F3-4FD2-B1AE-DF7A2BE7C4E9}.Debug|x64.ActiveCfg = Debug|x64
		{D504DEEB-D6F3-4FD2-B1AE-DF7A2BE7C4E9}.Debug|x64.Build.0 = Debug|x64
		{D504DEEB-D6F3-4FD2-B1AE-DF7A2BE7C4E9}.Debug|x64.Deploy.0 = Debug|x64
		{D504DEEB-D6F3-4FD2-B1AE-DF7A2BE7C4E9}.Debug|x86.ActiveCfg = Debug|x86
		{D504DEEB-D6F3-4FD2-B1AE-DF7A2BE7C4E9}.Debug|x86.Build.0 = Debug|x86
		{D504DEEB-D6F3-4FD2-B1AE-DF7A2BE7C4E9}.Debug|x86.Deploy.0 = Debug|x86
		{D504DEEB-D6F3-4FD2-B1AE-DF7A2BE7C4E9}.Release|Any CPU.ActiveCfg = Release|x86
		{D504DEEB-D6F3-4FD2-B1AE-DF7A2BE7C4E9}.Release|ARM.ActiveCfg = Release|ARM
		{D504DEEB-D6F3-4FD2-B1AE-DF7A2BE7C4E9}.Release|ARM.Build.0 = Release|ARM
		{D504DEEB-D6F3-4FD2-B1AE-DF7A2BE7C4E9}.Release|ARM.Deploy.0 = Release|ARM
		{D504DEEB-D6F3-4FD2-B1AE-DF7A2BE7C4E9}.Release|x64.ActiveCfg = Release|x64
		{D504DEEB-D6F3-4FD2-B1AE-DF7A2BE7C4E9}.Release|x64.Build.0 = Release|x64
		{D504DEEB-D6F3-4FD2-B1AE-DF7A2BE7C4E9}.Release|x64.Deploy.0 = Release|x64
		{D504DEEB-D6F3-4FD2-B1AE-DF7A2BE7C4E9}.Release|x86.ActiveCfg = Release|x86
		{D504DEEB-D6F3-4FD2-B1AE-DF7A2BE7C4E9}.Release|x86.Build.0 = Release|x86
		{D504DEEB-D6F3-4FD2-B1AE-DF7A2BE7C4E9}.Release|x86.Deploy.0 = Release|x86
	EndGlobalSection
	GlobalSection(SolutionProperties) = preSolution
		HideSolutionNode = FALSE
	EndGlobalSection
EndGlobal
