
Microsoft Visual Studio Solution File, Format Version 12.00
# Visual Studio 15
VisualStudioVersion = 15.0.26014.0
MinimumVisualStudioVersion = 10.0.40219.1
Project("{FAE04EC0-301F-11D3-BF4B-00C04F79EFBC}") = "WpfApp", "WpfApp\WpfApp.csproj", "{7751C7BD-85FA-49FF-AA52-0DE06DD2E9DA}"
EndProject
Project("{FAE04EC0-301F-11D3-BF4B-00C04F79EFBC}") = "OmniXaml.Tests", "OmniXaml.Tests\OmniXaml.Tests.csproj", "{FCB2D580-B827-465E-B70A-304CB922CDC6}"
EndProject
Project("{2150E333-8FDC-42A3-9474-1A3956D46DE8}") = "Test Apps", "Test Apps", "{26F98C46-2AF5-4A77-9B8F-BE23F3B985F7}"
EndProject
Project("{FAE04EC0-301F-11D3-BF4B-00C04F79EFBC}") = "OmniXaml.Attributes", "OmniXaml.Attributes\OmniXaml.Attributes.csproj", "{4153120E-85ED-4CEB-AD0B-D5372744DDE8}"
EndProject
Project("{FAE04EC0-301F-11D3-BF4B-00C04F79EFBC}") = "Glass.Core", "Glass.Core\Glass.Core.csproj", "{4AEFCFCF-5514-44B1-ACEF-93D40528A0BC}"
EndProject
Project("{FAE04EC0-301F-11D3-BF4B-00C04F79EFBC}") = "OmniXaml.Services", "OmniXaml.Services\OmniXaml.Services.csproj", "{98E0E4A2-454C-446E-B585-1880FCD97541}"
EndProject
Project("{2150E333-8FDC-42A3-9474-1A3956D46DE8}") = "Other items", "Other items", "{EBC507C3-D949-47CA-B485-1B531A02BB6F}"
	ProjectSection(SolutionItems) = preProject
		.gitignore = .gitignore
		appveyor.yml = appveyor.yml
		Create-NuGetPackages.ps1 = Create-NuGetPackages.ps1
	EndProjectSection
EndProject
Project("{9A19103F-16F7-4668-BE54-9A1E7A4F7556}") = "OmniXaml", "OmniXaml\OmniXaml.csproj", "{DA310AFC-3F79-4E8B-9A06-2B089DD9625F}"
EndProject
Global
	GlobalSection(SolutionConfigurationPlatforms) = preSolution
		Debug|Any CPU = Debug|Any CPU
		Debug|ARM = Debug|ARM
		Debug|x64 = Debug|x64
		Debug|x86 = Debug|x86
		Release|Any CPU = Release|Any CPU
		Release|ARM = Release|ARM
		Release|x64 = Release|x64
		Release|x86 = Release|x86
	EndGlobalSection
	GlobalSection(ProjectConfigurationPlatforms) = postSolution
		{7751C7BD-85FA-49FF-AA52-0DE06DD2E9DA}.Debug|Any CPU.ActiveCfg = Debug|Any CPU
		{7751C7BD-85FA-49FF-AA52-0DE06DD2E9DA}.Debug|Any CPU.Build.0 = Debug|Any CPU
		{7751C7BD-85FA-49FF-AA52-0DE06DD2E9DA}.Debug|ARM.ActiveCfg = Debug|Any CPU
		{7751C7BD-85FA-49FF-AA52-0DE06DD2E9DA}.Debug|ARM.Build.0 = Debug|Any CPU
		{7751C7BD-85FA-49FF-AA52-0DE06DD2E9DA}.Debug|x64.ActiveCfg = Debug|Any CPU
		{7751C7BD-85FA-49FF-AA52-0DE06DD2E9DA}.Debug|x64.Build.0 = Debug|Any CPU
		{7751C7BD-85FA-49FF-AA52-0DE06DD2E9DA}.Debug|x86.ActiveCfg = Debug|Any CPU
		{7751C7BD-85FA-49FF-AA52-0DE06DD2E9DA}.Debug|x86.Build.0 = Debug|Any CPU
		{7751C7BD-85FA-49FF-AA52-0DE06DD2E9DA}.Release|Any CPU.ActiveCfg = Release|Any CPU
		{7751C7BD-85FA-49FF-AA52-0DE06DD2E9DA}.Release|Any CPU.Build.0 = Release|Any CPU
		{7751C7BD-85FA-49FF-AA52-0DE06DD2E9DA}.Release|ARM.ActiveCfg = Release|Any CPU
		{7751C7BD-85FA-49FF-AA52-0DE06DD2E9DA}.Release|ARM.Build.0 = Release|Any CPU
		{7751C7BD-85FA-49FF-AA52-0DE06DD2E9DA}.Release|x64.ActiveCfg = Release|Any CPU
		{7751C7BD-85FA-49FF-AA52-0DE06DD2E9DA}.Release|x64.Build.0 = Release|Any CPU
		{7751C7BD-85FA-49FF-AA52-0DE06DD2E9DA}.Release|x86.ActiveCfg = Release|Any CPU
		{7751C7BD-85FA-49FF-AA52-0DE06DD2E9DA}.Release|x86.Build.0 = Release|Any CPU
		{FCB2D580-B827-465E-B70A-304CB922CDC6}.Debug|Any CPU.ActiveCfg = Debug|Any CPU
		{FCB2D580-B827-465E-B70A-304CB922CDC6}.Debug|Any CPU.Build.0 = Debug|Any CPU
		{FCB2D580-B827-465E-B70A-304CB922CDC6}.Debug|ARM.ActiveCfg = Debug|Any CPU
		{FCB2D580-B827-465E-B70A-304CB922CDC6}.Debug|ARM.Build.0 = Debug|Any CPU
		{FCB2D580-B827-465E-B70A-304CB922CDC6}.Debug|x64.ActiveCfg = Debug|Any CPU
		{FCB2D580-B827-465E-B70A-304CB922CDC6}.Debug|x64.Build.0 = Debug|Any CPU
		{FCB2D580-B827-465E-B70A-304CB922CDC6}.Debug|x86.ActiveCfg = Debug|Any CPU
		{FCB2D580-B827-465E-B70A-304CB922CDC6}.Debug|x86.Build.0 = Debug|Any CPU
		{FCB2D580-B827-465E-B70A-304CB922CDC6}.Release|Any CPU.ActiveCfg = Release|Any CPU
		{FCB2D580-B827-465E-B70A-304CB922CDC6}.Release|Any CPU.Build.0 = Release|Any CPU
		{FCB2D580-B827-465E-B70A-304CB922CDC6}.Release|ARM.ActiveCfg = Release|Any CPU
		{FCB2D580-B827-465E-B70A-304CB922CDC6}.Release|ARM.Build.0 = Release|Any CPU
		{FCB2D580-B827-465E-B70A-304CB922CDC6}.Release|x64.ActiveCfg = Release|Any CPU
		{FCB2D580-B827-465E-B70A-304CB922CDC6}.Release|x64.Build.0 = Release|Any CPU
		{FCB2D580-B827-465E-B70A-304CB922CDC6}.Release|x86.ActiveCfg = Release|Any CPU
		{FCB2D580-B827-465E-B70A-304CB922CDC6}.Release|x86.Build.0 = Release|Any CPU
		{4153120E-85ED-4CEB-AD0B-D5372744DDE8}.Debug|Any CPU.ActiveCfg = Debug|Any CPU
		{4153120E-85ED-4CEB-AD0B-D5372744DDE8}.Debug|Any CPU.Build.0 = Debug|Any CPU
		{4153120E-85ED-4CEB-AD0B-D5372744DDE8}.Debug|ARM.ActiveCfg = Debug|Any CPU
		{4153120E-85ED-4CEB-AD0B-D5372744DDE8}.Debug|ARM.Build.0 = Debug|Any CPU
		{4153120E-85ED-4CEB-AD0B-D5372744DDE8}.Debug|x64.ActiveCfg = Debug|Any CPU
		{4153120E-85ED-4CEB-AD0B-D5372744DDE8}.Debug|x64.Build.0 = Debug|Any CPU
		{4153120E-85ED-4CEB-AD0B-D5372744DDE8}.Debug|x86.ActiveCfg = Debug|Any CPU
		{4153120E-85ED-4CEB-AD0B-D5372744DDE8}.Debug|x86.Build.0 = Debug|Any CPU
		{4153120E-85ED-4CEB-AD0B-D5372744DDE8}.Release|Any CPU.ActiveCfg = Release|Any CPU
		{4153120E-85ED-4CEB-AD0B-D5372744DDE8}.Release|Any CPU.Build.0 = Release|Any CPU
		{4153120E-85ED-4CEB-AD0B-D5372744DDE8}.Release|ARM.ActiveCfg = Release|Any CPU
		{4153120E-85ED-4CEB-AD0B-D5372744DDE8}.Release|ARM.Build.0 = Release|Any CPU
		{4153120E-85ED-4CEB-AD0B-D5372744DDE8}.Release|x64.ActiveCfg = Release|Any CPU
		{4153120E-85ED-4CEB-AD0B-D5372744DDE8}.Release|x64.Build.0 = Release|Any CPU
		{4153120E-85ED-4CEB-AD0B-D5372744DDE8}.Release|x86.ActiveCfg = Release|Any CPU
		{4153120E-85ED-4CEB-AD0B-D5372744DDE8}.Release|x86.Build.0 = Release|Any CPU
		{4AEFCFCF-5514-44B1-ACEF-93D40528A0BC}.Debug|Any CPU.ActiveCfg = Debug|Any CPU
		{4AEFCFCF-5514-44B1-ACEF-93D40528A0BC}.Debug|Any CPU.Build.0 = Debug|Any CPU
		{4AEFCFCF-5514-44B1-ACEF-93D40528A0BC}.Debug|ARM.ActiveCfg = Debug|Any CPU
		{4AEFCFCF-5514-44B1-ACEF-93D40528A0BC}.Debug|ARM.Build.0 = Debug|Any CPU
		{4AEFCFCF-5514-44B1-ACEF-93D40528A0BC}.Debug|x64.ActiveCfg = Debug|Any CPU
		{4AEFCFCF-5514-44B1-ACEF-93D40528A0BC}.Debug|x64.Build.0 = Debug|Any CPU
		{4AEFCFCF-5514-44B1-ACEF-93D40528A0BC}.Debug|x86.ActiveCfg = Debug|Any CPU
		{4AEFCFCF-5514-44B1-ACEF-93D40528A0BC}.Debug|x86.Build.0 = Debug|Any CPU
		{4AEFCFCF-5514-44B1-ACEF-93D40528A0BC}.Release|Any CPU.ActiveCfg = Release|Any CPU
		{4AEFCFCF-5514-44B1-ACEF-93D40528A0BC}.Release|Any CPU.Build.0 = Release|Any CPU
		{4AEFCFCF-5514-44B1-ACEF-93D40528A0BC}.Release|ARM.ActiveCfg = Release|Any CPU
		{4AEFCFCF-5514-44B1-ACEF-93D40528A0BC}.Release|ARM.Build.0 = Release|Any CPU
		{4AEFCFCF-5514-44B1-ACEF-93D40528A0BC}.Release|x64.ActiveCfg = Release|Any CPU
		{4AEFCFCF-5514-44B1-ACEF-93D40528A0BC}.Release|x64.Build.0 = Release|Any CPU
		{4AEFCFCF-5514-44B1-ACEF-93D40528A0BC}.Release|x86.ActiveCfg = Release|Any CPU
		{4AEFCFCF-5514-44B1-ACEF-93D40528A0BC}.Release|x86.Build.0 = Release|Any CPU
		{98E0E4A2-454C-446E-B585-1880FCD97541}.Debug|Any CPU.ActiveCfg = Debug|Any CPU
		{98E0E4A2-454C-446E-B585-1880FCD97541}.Debug|Any CPU.Build.0 = Debug|Any CPU
		{98E0E4A2-454C-446E-B585-1880FCD97541}.Debug|ARM.ActiveCfg = Debug|Any CPU
		{98E0E4A2-454C-446E-B585-1880FCD97541}.Debug|ARM.Build.0 = Debug|Any CPU
		{98E0E4A2-454C-446E-B585-1880FCD97541}.Debug|x64.ActiveCfg = Debug|Any CPU
		{98E0E4A2-454C-446E-B585-1880FCD97541}.Debug|x64.Build.0 = Debug|Any CPU
		{98E0E4A2-454C-446E-B585-1880FCD97541}.Debug|x86.ActiveCfg = Debug|Any CPU
		{98E0E4A2-454C-446E-B585-1880FCD97541}.Debug|x86.Build.0 = Debug|Any CPU
		{98E0E4A2-454C-446E-B585-1880FCD97541}.Release|Any CPU.ActiveCfg = Release|Any CPU
		{98E0E4A2-454C-446E-B585-1880FCD97541}.Release|Any CPU.Build.0 = Release|Any CPU
		{98E0E4A2-454C-446E-B585-1880FCD97541}.Release|ARM.ActiveCfg = Release|Any CPU
		{98E0E4A2-454C-446E-B585-1880FCD97541}.Release|ARM.Build.0 = Release|Any CPU
		{98E0E4A2-454C-446E-B585-1880FCD97541}.Release|x64.ActiveCfg = Release|Any CPU
		{98E0E4A2-454C-446E-B585-1880FCD97541}.Release|x64.Build.0 = Release|Any CPU
		{98E0E4A2-454C-446E-B585-1880FCD97541}.Release|x86.ActiveCfg = Release|Any CPU
		{98E0E4A2-454C-446E-B585-1880FCD97541}.Release|x86.Build.0 = Release|Any CPU
		{DA310AFC-3F79-4E8B-9A06-2B089DD9625F}.Debug|Any CPU.ActiveCfg = Debug|Any CPU
		{DA310AFC-3F79-4E8B-9A06-2B089DD9625F}.Debug|Any CPU.Build.0 = Debug|Any CPU
		{DA310AFC-3F79-4E8B-9A06-2B089DD9625F}.Debug|ARM.ActiveCfg = Debug|Any CPU
		{DA310AFC-3F79-4E8B-9A06-2B089DD9625F}.Debug|ARM.Build.0 = Debug|Any CPU
		{DA310AFC-3F79-4E8B-9A06-2B089DD9625F}.Debug|x64.ActiveCfg = Debug|x64
		{DA310AFC-3F79-4E8B-9A06-2B089DD9625F}.Debug|x64.Build.0 = Debug|x64
		{DA310AFC-3F79-4E8B-9A06-2B089DD9625F}.Debug|x86.ActiveCfg = Debug|x86
		{DA310AFC-3F79-4E8B-9A06-2B089DD9625F}.Debug|x86.Build.0 = Debug|x86
		{DA310AFC-3F79-4E8B-9A06-2B089DD9625F}.Release|Any CPU.ActiveCfg = Release|Any CPU
		{DA310AFC-3F79-4E8B-9A06-2B089DD9625F}.Release|Any CPU.Build.0 = Release|Any CPU
		{DA310AFC-3F79-4E8B-9A06-2B089DD9625F}.Release|ARM.ActiveCfg = Release|Any CPU
		{DA310AFC-3F79-4E8B-9A06-2B089DD9625F}.Release|ARM.Build.0 = Release|Any CPU
		{DA310AFC-3F79-4E8B-9A06-2B089DD9625F}.Release|x64.ActiveCfg = Release|x64
		{DA310AFC-3F79-4E8B-9A06-2B089DD9625F}.Release|x64.Build.0 = Release|x64
		{DA310AFC-3F79-4E8B-9A06-2B089DD9625F}.Release|x86.ActiveCfg = Release|x86
		{DA310AFC-3F79-4E8B-9A06-2B089DD9625F}.Release|x86.Build.0 = Release|x86
	EndGlobalSection
	GlobalSection(SolutionProperties) = preSolution
		HideSolutionNode = FALSE
	EndGlobalSection
	GlobalSection(NestedProjects) = preSolution
		{7751C7BD-85FA-49FF-AA52-0DE06DD2E9DA} = {26F98C46-2AF5-4A77-9B8F-BE23F3B985F7}
	EndGlobalSection
EndGlobal
