
Microsoft Visual Studio Solution File, Format Version 12.00
# Visual Studio 14
VisualStudioVersion = 14.0.22823.1
MinimumVisualStudioVersion = 10.0.40219.1
Project("{FAE04EC0-301F-11D3-BF4B-00C04F79EFBC}") = "OmniXaml", "OmniXaml\OmniXaml.csproj", "{0D9CC1DE-84C3-40D7-9CC5-B7751E0B25D1}"
EndProject
Project("{FAE04EC0-301F-11D3-BF4B-00C04F79EFBC}") = "OmniXaml.Tests", "Tests\OmniXaml.Tests\OmniXaml.Tests.csproj", "{4A7491E9-E218-45F5-BF42-430247765630}"
EndProject
Project("{2150E333-8FDC-42A3-9474-1A3956D46DE8}") = "Tests", "Tests", "{FCCAF8EF-B08E-4442-90B6-A41903CFB93A}"
EndProject
Project("{FAE04EC0-301F-11D3-BF4B-00C04F79EFBC}") = "Glass", "..\Glass\Glass.csproj", "{B719FF91-BC7A-4145-8597-811D504FCFEF}"
EndProject
Project("{FAE04EC0-301F-11D3-BF4B-00C04F79EFBC}") = "OmniXaml.Tests.Classes", "Tests\OmniXaml.Tests.Classes\OmniXaml.Tests.Classes.csproj", "{E6FDA529-90C2-4DDA-9080-7E7EEF64B2CA}"
EndProject
Project("{FAE04EC0-301F-11D3-BF4B-00C04F79EFBC}") = "Xaml.Tests.Resources", "..\Xaml.Tests.Resources\Xaml.Tests.Resources.csproj", "{9B517520-4D99-4BF5-8219-A643F718F6DD}"
EndProject
Project("{FAE04EC0-301F-11D3-BF4B-00C04F79EFBC}") = "OmniXaml.Tests.Wpf", "Tests\OmniXaml.Tests.Wpf\OmniXaml.Tests.Wpf.csproj", "{952C2CB6-BB38-471A-AD55-D68FCAC4A5CF}"
EndProject
Project("{FAE04EC0-301F-11D3-BF4B-00C04F79EFBC}") = "XamlViewer", "TestApplications\XamlViewer\XamlViewer.csproj", "{A49A57C4-6DB5-44A0-869B-39EED7884A0B}"
EndProject
Project("{FAE04EC0-301F-11D3-BF4B-00C04F79EFBC}") = "OmniXaml.Wpf", "OmniXaml.Wpf\OmniXaml.Wpf.csproj", "{3F5DEBE4-D1D2-4190-9AEA-FDD4065FDED7}"
EndProject
Project("{FAE04EC0-301F-11D3-BF4B-00C04F79EFBC}") = "OmniXaml.AppServices", "OmniXaml.AppServices\OmniXaml.AppServices.csproj", "{B207C0CB-2BDF-4105-9E1D-1C5B98E98381}"
EndProject
Project("{FAE04EC0-301F-11D3-BF4B-00C04F79EFBC}") = "OmniXaml.AppServices.Tests", "OmniXaml.AppServices.Tests\OmniXaml.AppServices.Tests.csproj", "{6DC9D410-E8CA-48A4-8725-697D75F33388}"
EndProject
Project("{FAE04EC0-301F-11D3-BF4B-00C04F79EFBC}") = "OmniXaml.AppServices.NetCore", "OmniXaml.AppServices.NetCore\OmniXaml.AppServices.NetCore.csproj", "{E4FB7D33-20F4-46F8-B7C6-FC11EFF34CFB}"
EndProject
Project("{FAE04EC0-301F-11D3-BF4B-00C04F79EFBC}") = "OmniXaml.AppServices.NetCore.Tests", "OmniXaml.AppServices.NetCore.Tests\OmniXaml.AppServices.NetCore.Tests.csproj", "{BB3EEE9D-9962-4ADB-954A-E070B0C03CC8}"
EndProject
Project("{FAE04EC0-301F-11D3-BF4B-00C04F79EFBC}") = "TestApplication", "TestApplications\TestApplication\TestApplication.csproj", "{70FEDBBC-AD3D-4AB9-8EC0-3306BE2E266D}"
EndProject
Project("{2150E333-8FDC-42A3-9474-1A3956D46DE8}") = "TestApplications", "TestApplications", "{2128C3CA-2925-494C-949B-93FDFF746516}"
EndProject
Global
	GlobalSection(SolutionConfigurationPlatforms) = preSolution
		Debug|Any CPU = Debug|Any CPU
		Release|Any CPU = Release|Any CPU
	EndGlobalSection
	GlobalSection(ProjectConfigurationPlatforms) = postSolution
		{0D9CC1DE-84C3-40D7-9CC5-B7751E0B25D1}.Debug|Any CPU.ActiveCfg = Debug|Any CPU
		{0D9CC1DE-84C3-40D7-9CC5-B7751E0B25D1}.Debug|Any CPU.Build.0 = Debug|Any CPU
		{0D9CC1DE-84C3-40D7-9CC5-B7751E0B25D1}.Release|Any CPU.ActiveCfg = Release|Any CPU
		{0D9CC1DE-84C3-40D7-9CC5-B7751E0B25D1}.Release|Any CPU.Build.0 = Release|Any CPU
		{4A7491E9-E218-45F5-BF42-430247765630}.Debug|Any CPU.ActiveCfg = Debug|Any CPU
		{4A7491E9-E218-45F5-BF42-430247765630}.Debug|Any CPU.Build.0 = Debug|Any CPU
		{4A7491E9-E218-45F5-BF42-430247765630}.Release|Any CPU.ActiveCfg = Release|Any CPU
		{4A7491E9-E218-45F5-BF42-430247765630}.Release|Any CPU.Build.0 = Release|Any CPU
		{B719FF91-BC7A-4145-8597-811D504FCFEF}.Debug|Any CPU.ActiveCfg = Debug|Any CPU
		{B719FF91-BC7A-4145-8597-811D504FCFEF}.Debug|Any CPU.Build.0 = Debug|Any CPU
		{B719FF91-BC7A-4145-8597-811D504FCFEF}.Release|Any CPU.ActiveCfg = Release|Any CPU
		{B719FF91-BC7A-4145-8597-811D504FCFEF}.Release|Any CPU.Build.0 = Release|Any CPU
		{E6FDA529-90C2-4DDA-9080-7E7EEF64B2CA}.Debug|Any CPU.ActiveCfg = Debug|Any CPU
		{E6FDA529-90C2-4DDA-9080-7E7EEF64B2CA}.Debug|Any CPU.Build.0 = Debug|Any CPU
		{E6FDA529-90C2-4DDA-9080-7E7EEF64B2CA}.Release|Any CPU.ActiveCfg = Release|Any CPU
		{E6FDA529-90C2-4DDA-9080-7E7EEF64B2CA}.Release|Any CPU.Build.0 = Release|Any CPU
		{9B517520-4D99-4BF5-8219-A643F718F6DD}.Debug|Any CPU.ActiveCfg = Debug|Any CPU
		{9B517520-4D99-4BF5-8219-A643F718F6DD}.Debug|Any CPU.Build.0 = Debug|Any CPU
		{9B517520-4D99-4BF5-8219-A643F718F6DD}.Release|Any CPU.ActiveCfg = Release|Any CPU
		{9B517520-4D99-4BF5-8219-A643F718F6DD}.Release|Any CPU.Build.0 = Release|Any CPU
		{952C2CB6-BB38-471A-AD55-D68FCAC4A5CF}.Debug|Any CPU.ActiveCfg = Debug|Any CPU
		{952C2CB6-BB38-471A-AD55-D68FCAC4A5CF}.Debug|Any CPU.Build.0 = Debug|Any CPU
		{952C2CB6-BB38-471A-AD55-D68FCAC4A5CF}.Release|Any CPU.ActiveCfg = Release|Any CPU
		{952C2CB6-BB38-471A-AD55-D68FCAC4A5CF}.Release|Any CPU.Build.0 = Release|Any CPU
		{A49A57C4-6DB5-44A0-869B-39EED7884A0B}.Debug|Any CPU.ActiveCfg = Debug|Any CPU
		{A49A57C4-6DB5-44A0-869B-39EED7884A0B}.Debug|Any CPU.Build.0 = Debug|Any CPU
		{A49A57C4-6DB5-44A0-869B-39EED7884A0B}.Release|Any CPU.ActiveCfg = Release|Any CPU
		{A49A57C4-6DB5-44A0-869B-39EED7884A0B}.Release|Any CPU.Build.0 = Release|Any CPU
		{3F5DEBE4-D1D2-4190-9AEA-FDD4065FDED7}.Debug|Any CPU.ActiveCfg = Debug|Any CPU
		{3F5DEBE4-D1D2-4190-9AEA-FDD4065FDED7}.Debug|Any CPU.Build.0 = Debug|Any CPU
		{3F5DEBE4-D1D2-4190-9AEA-FDD4065FDED7}.Release|Any CPU.ActiveCfg = Release|Any CPU
		{3F5DEBE4-D1D2-4190-9AEA-FDD4065FDED7}.Release|Any CPU.Build.0 = Release|Any CPU
		{B207C0CB-2BDF-4105-9E1D-1C5B98E98381}.Debug|Any CPU.ActiveCfg = Debug|Any CPU
		{B207C0CB-2BDF-4105-9E1D-1C5B98E98381}.Debug|Any CPU.Build.0 = Debug|Any CPU
		{B207C0CB-2BDF-4105-9E1D-1C5B98E98381}.Release|Any CPU.ActiveCfg = Release|Any CPU
		{B207C0CB-2BDF-4105-9E1D-1C5B98E98381}.Release|Any CPU.Build.0 = Release|Any CPU
		{6DC9D410-E8CA-48A4-8725-697D75F33388}.Debug|Any CPU.ActiveCfg = Debug|Any CPU
		{6DC9D410-E8CA-48A4-8725-697D75F33388}.Debug|Any CPU.Build.0 = Debug|Any CPU
		{6DC9D410-E8CA-48A4-8725-697D75F33388}.Release|Any CPU.ActiveCfg = Release|Any CPU
		{6DC9D410-E8CA-48A4-8725-697D75F33388}.Release|Any CPU.Build.0 = Release|Any CPU
		{E4FB7D33-20F4-46F8-B7C6-FC11EFF34CFB}.Debug|Any CPU.ActiveCfg = Debug|Any CPU
		{E4FB7D33-20F4-46F8-B7C6-FC11EFF34CFB}.Debug|Any CPU.Build.0 = Debug|Any CPU
		{E4FB7D33-20F4-46F8-B7C6-FC11EFF34CFB}.Release|Any CPU.ActiveCfg = Release|Any CPU
		{E4FB7D33-20F4-46F8-B7C6-FC11EFF34CFB}.Release|Any CPU.Build.0 = Release|Any CPU
		{BB3EEE9D-9962-4ADB-954A-E070B0C03CC8}.Debug|Any CPU.ActiveCfg = Debug|Any CPU
		{BB3EEE9D-9962-4ADB-954A-E070B0C03CC8}.Debug|Any CPU.Build.0 = Debug|Any CPU
		{BB3EEE9D-9962-4ADB-954A-E070B0C03CC8}.Release|Any CPU.ActiveCfg = Release|Any CPU
		{BB3EEE9D-9962-4ADB-954A-E070B0C03CC8}.Release|Any CPU.Build.0 = Release|Any CPU
		{70FEDBBC-AD3D-4AB9-8EC0-3306BE2E266D}.Debug|Any CPU.ActiveCfg = Debug|Any CPU
		{70FEDBBC-AD3D-4AB9-8EC0-3306BE2E266D}.Debug|Any CPU.Build.0 = Debug|Any CPU
		{70FEDBBC-AD3D-4AB9-8EC0-3306BE2E266D}.Release|Any CPU.ActiveCfg = Release|Any CPU
		{70FEDBBC-AD3D-4AB9-8EC0-3306BE2E266D}.Release|Any CPU.Build.0 = Release|Any CPU
	EndGlobalSection
	GlobalSection(SolutionProperties) = preSolution
		HideSolutionNode = FALSE
	EndGlobalSection
	GlobalSection(NestedProjects) = preSolution
		{4A7491E9-E218-45F5-BF42-430247765630} = {FCCAF8EF-B08E-4442-90B6-A41903CFB93A}
		{B719FF91-BC7A-4145-8597-811D504FCFEF} = {FCCAF8EF-B08E-4442-90B6-A41903CFB93A}
		{E6FDA529-90C2-4DDA-9080-7E7EEF64B2CA} = {FCCAF8EF-B08E-4442-90B6-A41903CFB93A}
		{9B517520-4D99-4BF5-8219-A643F718F6DD} = {FCCAF8EF-B08E-4442-90B6-A41903CFB93A}
		{952C2CB6-BB38-471A-AD55-D68FCAC4A5CF} = {FCCAF8EF-B08E-4442-90B6-A41903CFB93A}
		{A49A57C4-6DB5-44A0-869B-39EED7884A0B} = {2128C3CA-2925-494C-949B-93FDFF746516}
		{6DC9D410-E8CA-48A4-8725-697D75F33388} = {FCCAF8EF-B08E-4442-90B6-A41903CFB93A}
		{BB3EEE9D-9962-4ADB-954A-E070B0C03CC8} = {FCCAF8EF-B08E-4442-90B6-A41903CFB93A}
		{70FEDBBC-AD3D-4AB9-8EC0-3306BE2E266D} = {2128C3CA-2925-494C-949B-93FDFF746516}
	EndGlobalSection
EndGlobal
